
Microsoft Visual Studio Solution File, Format Version 12.00
# Visual Studio 15
VisualStudioVersion = 15.0.26403.7
MinimumVisualStudioVersion = 10.0.40219.1
Project("{FAE04EC0-301F-11D3-BF4B-00C04F79EFBC}") = "Weingartner.Json.Migration.Roslyn.Spec", "Weingartner.Json.Migration.Roslyn.Spec\Weingartner.Json.Migration.Roslyn.Spec.csproj", "{8AB34F16-FBB3-4FDD-B956-84C4E0E2F933}"
EndProject
Project("{FAE04EC0-301F-11D3-BF4B-00C04F79EFBC}") = "Weingartner.Json.Migration.Roslyn.Vsix", "Weingartner.Json.Migration.Roslyn.Vsix\Weingartner.Json.Migration.Roslyn.Vsix.csproj", "{CD62CCCF-6F3C-43BF-BAEC-226012EA651E}"
EndProject
Project("{FF286327-C783-4F7A-AB73-9BCBAD0D4460}") = "Weingartner.Json.Migration.NuGet", "Weingartner.Json.Migration.NuGet\Weingartner.Json.Migration.NuGet.nuproj", "{C8AC46A3-D172-4EBB-8573-1BED4D6739C2}"
EndProject
Project("{FF286327-C783-4F7A-AB73-9BCBAD0D4460}") = "Weingartner.Json.Migration.Roslyn.NuGet", "Weingartner.Json.Migration.Roslyn.NuGet\Weingartner.Json.Migration.Roslyn.NuGet.nuproj", "{91E0597B-41DD-4010-AC3A-6B665313456B}"
EndProject
Project("{FAE04EC0-301F-11D3-BF4B-00C04F79EFBC}") = "Weingartner.Json.Migration", "Weingartner.Json.Migration_\Weingartner.Json.Migration.csproj", "{567ECD20-EB97-4A30-A5B2-0889D1609491}"
EndProject
Project("{FAE04EC0-301F-11D3-BF4B-00C04F79EFBC}") = "Weingartner.Json.Migration.Common", "Weingartner.Json.Migration.Common_\Weingartner.Json.Migration.Common.csproj", "{58041FBC-EAAD-44C1-92AB-6D3E74FBE6D2}"
EndProject
Project("{FAE04EC0-301F-11D3-BF4B-00C04F79EFBC}") = "Weingartner.Json.Migration.Roslyn", "Weingartner.Json.Migration.Roslyn_\Weingartner.Json.Migration.Roslyn.csproj", "{630BAC68-A278-4BCE-ABF1-6C864B141AA0}"
EndProject
Project("{FAE04EC0-301F-11D3-BF4B-00C04F79EFBC}") = "Weingartner.Json.Migration.Spec", "Weingartner.Json.Migration.Spec_\Weingartner.Json.Migration.Spec.csproj", "{00D229E3-BBD8-4C77-B3EF-FC75F70D0EA3}"
EndProject
Global
	GlobalSection(SolutionConfigurationPlatforms) = preSolution
		Debug|Any CPU = Debug|Any CPU
		Release|Any CPU = Release|Any CPU
	EndGlobalSection
	GlobalSection(ProjectConfigurationPlatforms) = postSolution
		{8AB34F16-FBB3-4FDD-B956-84C4E0E2F933}.Debug|Any CPU.ActiveCfg = Debug|Any CPU
		{8AB34F16-FBB3-4FDD-B956-84C4E0E2F933}.Debug|Any CPU.Build.0 = Debug|Any CPU
		{8AB34F16-FBB3-4FDD-B956-84C4E0E2F933}.Release|Any CPU.ActiveCfg = Release|Any CPU
		{8AB34F16-FBB3-4FDD-B956-84C4E0E2F933}.Release|Any CPU.Build.0 = Release|Any CPU
		{CD62CCCF-6F3C-43BF-BAEC-226012EA651E}.Debug|Any CPU.ActiveCfg = Debug|Any CPU
		{CD62CCCF-6F3C-43BF-BAEC-226012EA651E}.Debug|Any CPU.Build.0 = Debug|Any CPU
		{CD62CCCF-6F3C-43BF-BAEC-226012EA651E}.Release|Any CPU.ActiveCfg = Release|Any CPU
		{CD62CCCF-6F3C-43BF-BAEC-226012EA651E}.Release|Any CPU.Build.0 = Release|Any CPU
		{C8AC46A3-D172-4EBB-8573-1BED4D6739C2}.Debug|Any CPU.ActiveCfg = Debug|Any CPU
		{C8AC46A3-D172-4EBB-8573-1BED4D6739C2}.Debug|Any CPU.Build.0 = Debug|Any CPU
		{C8AC46A3-D172-4EBB-8573-1BED4D6739C2}.Release|Any CPU.ActiveCfg = Release|Any CPU
		{C8AC46A3-D172-4EBB-8573-1BED4D6739C2}.Release|Any CPU.Build.0 = Release|Any CPU
		{91E0597B-41DD-4010-AC3A-6B665313456B}.Debug|Any CPU.ActiveCfg = Debug|Any CPU
		{91E0597B-41DD-4010-AC3A-6B665313456B}.Debug|Any CPU.Build.0 = Debug|Any CPU
		{91E0597B-41DD-4010-AC3A-6B665313456B}.Release|Any CPU.ActiveCfg = Release|Any CPU
		{91E0597B-41DD-4010-AC3A-6B665313456B}.Release|Any CPU.Build.0 = Release|Any CPU
		{567ECD20-EB97-4A30-A5B2-0889D1609491}.Debug|Any CPU.ActiveCfg = Debug|Any CPU
		{567ECD20-EB97-4A30-A5B2-0889D1609491}.Debug|Any CPU.Build.0 = Debug|Any CPU
		{567ECD20-EB97-4A30-A5B2-0889D1609491}.Release|Any CPU.ActiveCfg = Release|Any CPU
		{567ECD20-EB97-4A30-A5B2-0889D1609491}.Release|Any CPU.Build.0 = Release|Any CPU
		{58041FBC-EAAD-44C1-92AB-6D3E74FBE6D2}.Debug|Any CPU.ActiveCfg = Debug|Any CPU
		{58041FBC-EAAD-44C1-92AB-6D3E74FBE6D2}.Debug|Any CPU.Build.0 = Debug|Any CPU
		{58041FBC-EAAD-44C1-92AB-6D3E74FBE6D2}.Release|Any CPU.ActiveCfg = Release|Any CPU
		{58041FBC-EAAD-44C1-92AB-6D3E74FBE6D2}.Release|Any CPU.Build.0 = Release|Any CPU
		{630BAC68-A278-4BCE-ABF1-6C864B141AA0}.Debug|Any CPU.ActiveCfg = Debug|Any CPU
		{630BAC68-A278-4BCE-ABF1-6C864B141AA0}.Debug|Any CPU.Build.0 = Debug|Any CPU
		{630BAC68-A278-4BCE-ABF1-6C864B141AA0}.Release|Any CPU.ActiveCfg = Release|Any CPU
		{630BAC68-A278-4BCE-ABF1-6C864B141AA0}.Release|Any CPU.Build.0 = Release|Any CPU
		{00D229E3-BBD8-4C77-B3EF-FC75F70D0EA3}.Debug|Any CPU.ActiveCfg = Debug|Any CPU
		{00D229E3-BBD8-4C77-B3EF-FC75F70D0EA3}.Debug|Any CPU.Build.0 = Debug|Any CPU
		{00D229E3-BBD8-4C77-B3EF-FC75F70D0EA3}.Release|Any CPU.ActiveCfg = Release|Any CPU
		{00D229E3-BBD8-4C77-B3EF-FC75F70D0EA3}.Release|Any CPU.Build.0 = Release|Any CPU
	EndGlobalSection
	GlobalSection(SolutionProperties) = preSolution
		HideSolutionNode = FALSE
	EndGlobalSection
EndGlobal
